
Microsoft Visual Studio Solution File, Format Version 12.00
# Visual Studio Version 16
VisualStudioVersion = 16.0.31313.79
MinimumVisualStudioVersion = 10.0.40219.1
Project("{9A19103F-16F7-4668-BE54-9A1E7A4F7556}") = "APHRC_Assigmnment.Server", "APHRC_Assigmnment\Server\APHRC_Assigmnment.Server.csproj", "{2A770901-5AF6-4EB0-B248-3E42626978EC}"
EndProject
Project("{9A19103F-16F7-4668-BE54-9A1E7A4F7556}") = "APHRC_Assigmnment.Client", "APHRC_Assigmnment\Client\APHRC_Assigmnment.Client.csproj", "{83637458-F761-4E72-8030-DC7776CF33EF}"
EndProject
Project("{9A19103F-16F7-4668-BE54-9A1E7A4F7556}") = "APHRC_Assigmnment.Shared", "APHRC_Assigmnment\Shared\APHRC_Assigmnment.Shared.csproj", "{7960259E-911E-4E0E-9232-C33234A82CB1}"
EndProject
Project("{FAE04EC0-301F-11D3-BF4B-00C04F79EFBC}") = "APHRC.Data", "APHRC.Data\APHRC.Data.csproj", "{B2859A64-F5FD-40AC-9536-A9DF19CC168A}"
EndProject
Global
	GlobalSection(SolutionConfigurationPlatforms) = preSolution
		Debug|Any CPU = Debug|Any CPU
		Release|Any CPU = Release|Any CPU
	EndGlobalSection
	GlobalSection(ProjectConfigurationPlatforms) = postSolution
		{2A770901-5AF6-4EB0-B248-3E42626978EC}.Debug|Any CPU.ActiveCfg = Debug|Any CPU
		{2A770901-5AF6-4EB0-B248-3E42626978EC}.Debug|Any CPU.Build.0 = Debug|Any CPU
		{2A770901-5AF6-4EB0-B248-3E42626978EC}.Release|Any CPU.ActiveCfg = Release|Any CPU
		{2A770901-5AF6-4EB0-B248-3E42626978EC}.Release|Any CPU.Build.0 = Release|Any CPU
		{83637458-F761-4E72-8030-DC7776CF33EF}.Debug|Any CPU.ActiveCfg = Debug|Any CPU
		{83637458-F761-4E72-8030-DC7776CF33EF}.Debug|Any CPU.Build.0 = Debug|Any CPU
		{83637458-F761-4E72-8030-DC7776CF33EF}.Release|Any CPU.ActiveCfg = Release|Any CPU
		{83637458-F761-4E72-8030-DC7776CF33EF}.Release|Any CPU.Build.0 = Release|Any CPU
		{7960259E-911E-4E0E-9232-C33234A82CB1}.Debug|Any CPU.ActiveCfg = Debug|Any CPU
		{7960259E-911E-4E0E-9232-C33234A82CB1}.Debug|Any CPU.Build.0 = Debug|Any CPU
		{7960259E-911E-4E0E-9232-C33234A82CB1}.Release|Any CPU.ActiveCfg = Release|Any CPU
		{7960259E-911E-4E0E-9232-C33234A82CB1}.Release|Any CPU.Build.0 = Release|Any CPU
		{B2859A64-F5FD-40AC-9536-A9DF19CC168A}.Debug|Any CPU.ActiveCfg = Debug|Any CPU
		{B2859A64-F5FD-40AC-9536-A9DF19CC168A}.Debug|Any CPU.Build.0 = Debug|Any CPU
		{B2859A64-F5FD-40AC-9536-A9DF19CC168A}.Release|Any CPU.ActiveCfg = Release|Any CPU
		{B2859A64-F5FD-40AC-9536-A9DF19CC168A}.Release|Any CPU.Build.0 = Release|Any CPU
	EndGlobalSection
	GlobalSection(SolutionProperties) = preSolution
		HideSolutionNode = FALSE
	EndGlobalSection
	GlobalSection(ExtensibilityGlobals) = postSolution
		SolutionGuid = {578FE0F7-D09D-4748-9E8E-BDDD9CA97FC9}
	EndGlobalSection
EndGlobal
